
Microsoft Visual Studio Solution File, Format Version 12.00
# Visual Studio Version 17
VisualStudioVersion = 17.5.33627.172
MinimumVisualStudioVersion = 10.0.40219.1
Project("{FAE04EC0-301F-11D3-BF4B-00C04F79EFBC}") = "DailyTasks.API", "DailyTasks.API\DailyTasks.API.csproj", "{9436B084-5500-4A05-84C8-AA1FD1D6C9E9}"
EndProject
Project("{FAE04EC0-301F-11D3-BF4B-00C04F79EFBC}") = "DailyTasks.Domain", "DailyTasks.Domain\DailyTasks.Domain.csproj", "{F1F235CE-6A6B-45FD-9A32-674FB3DFE782}"
EndProject
Project("{FAE04EC0-301F-11D3-BF4B-00C04F79EFBC}") = "DailyTasks.Application", "DailyTasks.Application\DailyTasks.Application.csproj", "{5DAD5026-4AD2-4E4E-8DA2-83DE5515C8E5}"
EndProject
Project("{FAE04EC0-301F-11D3-BF4B-00C04F79EFBC}") = "DailyTasks.Infrastructure", "DailyTasks.Infrastructure\DailyTasks.Infrastructure.csproj", "{72E582E5-1CE8-4299-B565-5BE9842FF0F2}"
EndProject
Global
	GlobalSection(SolutionConfigurationPlatforms) = preSolution
		Debug|Any CPU = Debug|Any CPU
		Release|Any CPU = Release|Any CPU
	EndGlobalSection
	GlobalSection(ProjectConfigurationPlatforms) = postSolution
		{9436B084-5500-4A05-84C8-AA1FD1D6C9E9}.Debug|Any CPU.ActiveCfg = Debug|Any CPU
		{9436B084-5500-4A05-84C8-AA1FD1D6C9E9}.Debug|Any CPU.Build.0 = Debug|Any CPU
		{9436B084-5500-4A05-84C8-AA1FD1D6C9E9}.Release|Any CPU.ActiveCfg = Release|Any CPU
		{9436B084-5500-4A05-84C8-AA1FD1D6C9E9}.Release|Any CPU.Build.0 = Release|Any CPU
		{F1F235CE-6A6B-45FD-9A32-674FB3DFE782}.Debug|Any CPU.ActiveCfg = Debug|Any CPU
		{F1F235CE-6A6B-45FD-9A32-674FB3DFE782}.Debug|Any CPU.Build.0 = Debug|Any CPU
		{F1F235CE-6A6B-45FD-9A32-674FB3DFE782}.Release|Any CPU.ActiveCfg = Release|Any CPU
		{F1F235CE-6A6B-45FD-9A32-674FB3DFE782}.Release|Any CPU.Build.0 = Release|Any CPU
		{5DAD5026-4AD2-4E4E-8DA2-83DE5515C8E5}.Debug|Any CPU.ActiveCfg = Debug|Any CPU
		{5DAD5026-4AD2-4E4E-8DA2-83DE5515C8E5}.Debug|Any CPU.Build.0 = Debug|Any CPU
		{5DAD5026-4AD2-4E4E-8DA2-83DE5515C8E5}.Release|Any CPU.ActiveCfg = Release|Any CPU
		{5DAD5026-4AD2-4E4E-8DA2-83DE5515C8E5}.Release|Any CPU.Build.0 = Release|Any CPU
		{72E582E5-1CE8-4299-B565-5BE9842FF0F2}.Debug|Any CPU.ActiveCfg = Debug|Any CPU
		{72E582E5-1CE8-4299-B565-5BE9842FF0F2}.Debug|Any CPU.Build.0 = Debug|Any CPU
		{72E582E5-1CE8-4299-B565-5BE9842FF0F2}.Release|Any CPU.ActiveCfg = Release|Any CPU
		{72E582E5-1CE8-4299-B565-5BE9842FF0F2}.Release|Any CPU.Build.0 = Release|Any CPU
	EndGlobalSection
	GlobalSection(SolutionProperties) = preSolution
		HideSolutionNode = FALSE
	EndGlobalSection
	GlobalSection(ExtensibilityGlobals) = postSolution
		SolutionGuid = {D69C12F8-4883-461D-8102-DFD983E83F60}
	EndGlobalSection
EndGlobal
